{
  "version": 4,
  "terraform_version": "1.9.8",
  "serial": 219,
  "lineage": "48d1e29e-1c95-33a2-831c-ebbc3c988b87",
  "outputs": {
    "instance_details": {
      "value": {
        "instance_id": "i-0ccecfbffb72002e6",
        "instance_name": "PublicInstance",
        "instance_private_ip": "10.0.1.21",
        "instance_public_ip": "52.55.93.228",
        "security_group_id": [
          "sg-054a04e170b741777"
        ],
        "subnet_id": "subnet-0a40ba9dbf5362240"
      },
      "type": [
        "object",
        {
          "instance_id": "string",
          "instance_name": "string",
          "instance_private_ip": "string",
          "instance_public_ip": "string",
          "security_group_id": [
            "set",
            "string"
          ],
          "subnet_id": "string"
        }
      ]
    }
  },
  "resources": [
    {
      "mode": "managed",
      "type": "aws_db_instance",
      "name": "mydb",
      "provider": "provider[\"registry.terraform.io/hashicorp/aws\"]",
      "instances": [
        {
          "schema_version": 1,
          "attributes": {
            "address": "mydb.cneuquog43o0.us-east-1.rds.amazonaws.com",
            "allocated_storage": 20,
            "allow_major_version_upgrade": null,
            "apply_immediately": false,
            "arn": "arn:aws:rds:us-east-1:241533154231:db:mydb",
            "auto_minor_version_upgrade": true,
            "availability_zone": "us-east-1a",
            "backup_retention_period": 0,
            "backup_window": "09:58-10:28",
            "ca_cert_identifier": "rds-ca-rsa2048-g1",
            "character_set_name": "",
            "copy_tags_to_snapshot": false,
            "customer_owned_ip_enabled": false,
            "db_subnet_group_name": "mydb_subnet_group",
            "delete_automated_backups": true,
            "deletion_protection": false,
            "domain": "",
            "domain_iam_role_name": "",
            "enabled_cloudwatch_logs_exports": null,
            "endpoint": "mydb.cneuquog43o0.us-east-1.rds.amazonaws.com:3306",
            "engine": "mysql",
            "engine_version": "8.0.35",
            "engine_version_actual": "8.0.35",
            "final_snapshot_identifier": null,
            "hosted_zone_id": "Z2R2ITUGPM61AM",
            "iam_database_authentication_enabled": false,
            "id": "mydb",
            "identifier": "mydb",
            "identifier_prefix": null,
            "instance_class": "db.t3.micro",
            "iops": 0,
            "kms_key_id": "",
            "latest_restorable_time": "0001-01-01T00:00:00Z",
            "license_model": "general-public-license",
            "maintenance_window": "thu:03:02-thu:03:32",
            "max_allocated_storage": 0,
            "monitoring_interval": 0,
            "monitoring_role_arn": "",
            "multi_az": false,
            "name": "",
            "nchar_character_set_name": "",
            "option_group_name": "default:mysql-8-0",
            "parameter_group_name": "default.mysql8.0",
            "password": "rahma123",
            "performance_insights_enabled": false,
            "performance_insights_kms_key_id": "",
            "performance_insights_retention_period": 0,
            "port": 3306,
            "publicly_accessible": true,
            "replica_mode": "",
            "replicas": [],
            "replicate_source_db": "",
            "resource_id": "db-LNAHIIN3XQUXV5JGSG2DQ2PPOY",
            "restore_to_point_in_time": [],
            "s3_import": [],
            "security_group_names": null,
            "skip_final_snapshot": true,
            "snapshot_identifier": null,
            "status": "available",
            "storage_encrypted": false,
            "storage_type": "gp2",
            "tags": {
              "Name": "enis_tp"
            },
            "tags_all": {
              "Name": "enis_tp"
            },
            "timeouts": null,
            "timezone": "",
            "username": "dbuser",
            "vpc_security_group_ids": [
              "sg-054a04e170b741777"
            ]
          },
          "sensitive_attributes": [
            [
              {
                "type": "get_attr",
                "value": "password"
              }
            ]
          ],
          "private": "eyJlMmJmYjczMC1lY2FhLTExZTYtOGY4OC0zNDM2M2JjN2M0YzAiOnsiY3JlYXRlIjoyNDAwMDAwMDAwMDAwLCJkZWxldGUiOjM2MDAwMDAwMDAwMDAsInVwZGF0ZSI6NDgwMDAwMDAwMDAwMH0sInNjaGVtYV92ZXJzaW9uIjoiMSJ9",
          "dependencies": [
            "aws_db_subnet_group.mydb_subnet_group",
            "aws_security_group.web_sg",
            "aws_subnet.public_subnet_1",
            "aws_subnet.public_subnet_2",
            "aws_vpc.tp_cloud_devops_vpc"
          ]
        }
      ]
    },
    {
      "mode": "managed",
      "type": "aws_db_subnet_group",
      "name": "mydb_subnet_group",
      "provider": "provider[\"registry.terraform.io/hashicorp/aws\"]",
      "instances": [
        {
          "schema_version": 0,
          "attributes": {
            "arn": "arn:aws:rds:us-east-1:241533154231:subgrp:mydb_subnet_group",
            "description": "Managed by Terraform",
            "id": "mydb_subnet_group",
            "name": "mydb_subnet_group",
            "name_prefix": null,
            "subnet_ids": [
              "subnet-009749bceb384906a",
              "subnet-0a40ba9dbf5362240"
            ],
            "tags": {
              "Name": "mydb_subnet_group"
            },
            "tags_all": {
              "Name": "mydb_subnet_group"
            }
          },
          "sensitive_attributes": [],
          "private": "bnVsbA==",
          "dependencies": [
            "aws_subnet.public_subnet_1",
            "aws_subnet.public_subnet_2",
            "aws_vpc.tp_cloud_devops_vpc"
          ]
        }
      ]
    },
    {
      "mode": "managed",
      "type": "aws_instance",
      "name": "public_instance",
      "provider": "provider[\"registry.terraform.io/hashicorp/aws\"]",
      "instances": [
        {
          "schema_version": 1,
          "attributes": {
            "ami": "ami-0866a3c8686eaeeba",
            "arn": "arn:aws:ec2:us-east-1:241533154231:instance/i-0ccecfbffb72002e6",
            "associate_public_ip_address": true,
            "availability_zone": "us-east-1a",
            "capacity_reservation_specification": [
              {
                "capacity_reservation_preference": "open",
                "capacity_reservation_target": []
              }
            ],
            "cpu_core_count": 1,
            "cpu_threads_per_core": 1,
            "credit_specification": [
              {
                "cpu_credits": "standard"
              }
            ],
            "disable_api_termination": false,
            "ebs_block_device": [],
            "ebs_optimized": false,
            "enclave_options": [
              {
                "enabled": false
              }
            ],
            "ephemeral_block_device": [],
            "get_password_data": false,
            "hibernation": false,
            "host_id": null,
            "iam_instance_profile": "",
            "id": "i-0ccecfbffb72002e6",
            "instance_initiated_shutdown_behavior": "stop",
            "instance_state": "running",
            "instance_type": "t2.micro",
            "ipv6_address_count": 0,
            "ipv6_addresses": [],
            "key_name": "deployer_key",
            "launch_template": [],
            "metadata_options": [
              {
                "http_endpoint": "enabled",
                "http_put_response_hop_limit": 2,
                "http_tokens": "required",
                "instance_metadata_tags": "disabled"
              }
            ],
            "monitoring": false,
            "network_interface": [],
            "outpost_arn": "",
            "password_data": "",
            "placement_group": "",
            "placement_partition_number": null,
            "primary_network_interface_id": "eni-06ad7af612f588319",
            "private_dns": "ip-10-0-1-21.ec2.internal",
            "private_ip": "10.0.1.21",
            "public_dns": "ec2-52-55-93-228.compute-1.amazonaws.com",
            "public_ip": "52.55.93.228",
            "root_block_device": [
              {
                "delete_on_termination": true,
                "device_name": "/dev/sda1",
                "encrypted": false,
                "iops": 3000,
                "kms_key_id": "",
                "tags": {},
                "throughput": 125,
                "volume_id": "vol-0182166bc63e65e80",
                "volume_size": 8,
                "volume_type": "gp3"
              }
            ],
            "secondary_private_ips": [],
            "security_groups": [],
            "source_dest_check": true,
            "subnet_id": "subnet-0a40ba9dbf5362240",
            "tags": {
              "Name": "PublicInstance"
            },
            "tags_all": {
              "Name": "PublicInstance"
            },
            "tenancy": "default",
            "timeouts": null,
            "user_data": "968368ddba10f0e8cb18b2a073a36c046a89632c",
            "user_data_base64": null,
            "volume_tags": null,
            "vpc_security_group_ids": [
              "sg-054a04e170b741777"
            ]
          },
          "sensitive_attributes": [],
          "private": "eyJlMmJmYjczMC1lY2FhLTExZTYtOGY4OC0zNDM2M2JjN2M0YzAiOnsiY3JlYXRlIjo2MDAwMDAwMDAwMDAsImRlbGV0ZSI6MTIwMDAwMDAwMDAwMCwidXBkYXRlIjo2MDAwMDAwMDAwMDB9LCJzY2hlbWFfdmVyc2lvbiI6IjEifQ==",
          "dependencies": [
            "aws_key_pair.deployer_key",
            "aws_security_group.web_sg",
            "aws_subnet.public_subnet_1",
            "aws_vpc.tp_cloud_devops_vpc",
            "tls_private_key.example_ssh_key"
          ]
        }
      ]
    },
    {
      "mode": "managed",
      "type": "aws_internet_gateway",
      "name": "main_gateway",
      "provider": "provider[\"registry.terraform.io/hashicorp/aws\"]",
      "instances": [
        {
          "schema_version": 0,
          "attributes": {
            "arn": "arn:aws:ec2:us-east-1:241533154231:internet-gateway/igw-0c1d8208a93733472",
            "id": "igw-0c1d8208a93733472",
            "owner_id": "241533154231",
            "tags": {
              "Name": "MainInternetGateway"
            },
            "tags_all": {
              "Name": "MainInternetGateway"
            },
            "vpc_id": "vpc-0cf09f5b50c6206f9"
          },
          "sensitive_attributes": [],
          "private": "bnVsbA==",
          "dependencies": [
            "aws_vpc.tp_cloud_devops_vpc"
          ]
        }
      ]
    },
    {
      "mode": "managed",
      "type": "aws_key_pair",
      "name": "deployer_key",
      "provider": "provider[\"registry.terraform.io/hashicorp/aws\"]",
      "instances": [
        {
          "schema_version": 1,
          "attributes": {
            "arn": "arn:aws:ec2:us-east-1:241533154231:key-pair/deployer_key",
            "fingerprint": "6e:18:8d:33:1c:3b:5c:6a:64:76:90:2c:01:d8:8a:9a",
            "id": "deployer_key",
            "key_name": "deployer_key",
            "key_name_prefix": "",
            "key_pair_id": "key-0d7404e140d75e530",
            "public_key": "ssh-rsa AAAAB3NzaC1yc2EAAAADAQABAAABAQDN8ajBgvoqaKk1qkOewlL8KVPQWbAu2IYcNeWJH2aNHV7Y7E2fWawCHAVPQsR+4JKytLyxeEwvQh5n5MUvrW4W6S9TGlA+vgBG0SHlIo2Xh0OWOJPGZILACW/f0wcAikBQY9ybI+0k9nf9+SKL6bIrwbAh61qjG8Fh1abZpO/gwILUdMlaxjKmKLakSVQ09z8kqDNY63BAeUd4BqrJhNLQjCYpBqolkC1WimUcP7AAyK4DGWFSe8qo1mfqtaWgTz/0hP9keQyfHUaFf+4d9zOazg+VRilvEkFpEl7SvcXgVs7tz/rtVBF6ULuPbchMwZ+CrPDwFsRY+FB4qTsGcs5t",
            "tags": null,
            "tags_all": {}
          },
          "sensitive_attributes": [],
          "private": "eyJzY2hlbWFfdmVyc2lvbiI6IjEifQ==",
          "dependencies": [
            "tls_private_key.example_ssh_key"
          ]
        }
      ]
    },
    {
      "mode": "managed",
      "type": "aws_route_table",
      "name": "public_route_table",
      "provider": "provider[\"registry.terraform.io/hashicorp/aws\"]",
      "instances": [
        {
          "schema_version": 0,
          "attributes": {
            "arn": "arn:aws:ec2:us-east-1:241533154231:route-table/rtb-058000c23cd19b141",
            "id": "rtb-058000c23cd19b141",
            "owner_id": "241533154231",
            "propagating_vgws": [],
            "route": [
              {
                "carrier_gateway_id": "",
                "cidr_block": "0.0.0.0/0",
                "destination_prefix_list_id": "",
                "egress_only_gateway_id": "",
                "gateway_id": "igw-0c1d8208a93733472",
                "instance_id": "",
                "ipv6_cidr_block": "",
                "local_gateway_id": "",
                "nat_gateway_id": "",
                "network_interface_id": "",
                "transit_gateway_id": "",
                "vpc_endpoint_id": "",
                "vpc_peering_connection_id": ""
              }
            ],
            "tags": {
              "Name": "PublicRouteTable"
            },
            "tags_all": {
              "Name": "PublicRouteTable"
            },
            "timeouts": null,
            "vpc_id": "vpc-0cf09f5b50c6206f9"
          },
          "sensitive_attributes": [],
          "private": "eyJlMmJmYjczMC1lY2FhLTExZTYtOGY4OC0zNDM2M2JjN2M0YzAiOnsiY3JlYXRlIjozMDAwMDAwMDAwMDAsImRlbGV0ZSI6MzAwMDAwMDAwMDAwLCJ1cGRhdGUiOjEyMDAwMDAwMDAwMH19",
          "dependencies": [
            "aws_internet_gateway.main_gateway",
            "aws_vpc.tp_cloud_devops_vpc"
          ]
        }
      ]
    },
    {
      "mode": "managed",
      "type": "aws_route_table_association",
      "name": "public_rta1",
      "provider": "provider[\"registry.terraform.io/hashicorp/aws\"]",
      "instances": [
        {
          "schema_version": 0,
          "attributes": {
            "gateway_id": "",
            "id": "rtbassoc-07f39a08e41125c46",
            "route_table_id": "rtb-058000c23cd19b141",
            "subnet_id": "subnet-0a40ba9dbf5362240"
          },
          "sensitive_attributes": [],
          "private": "bnVsbA==",
          "dependencies": [
            "aws_internet_gateway.main_gateway",
            "aws_route_table.public_route_table",
            "aws_subnet.public_subnet_1",
            "aws_vpc.tp_cloud_devops_vpc"
          ]
        }
      ]
    },
    {
      "mode": "managed",
      "type": "aws_route_table_association",
      "name": "public_rta2",
      "provider": "provider[\"registry.terraform.io/hashicorp/aws\"]",
      "instances": [
        {
          "schema_version": 0,
          "attributes": {
            "gateway_id": "",
            "id": "rtbassoc-0a1719bb767f0b664",
            "route_table_id": "rtb-058000c23cd19b141",
            "subnet_id": "subnet-009749bceb384906a"
          },
          "sensitive_attributes": [],
          "private": "bnVsbA==",
          "dependencies": [
            "aws_internet_gateway.main_gateway",
            "aws_route_table.public_route_table",
            "aws_subnet.public_subnet_2",
            "aws_vpc.tp_cloud_devops_vpc"
          ]
        }
      ]
    },
    {
      "mode": "managed",
      "type": "aws_s3_bucket_object",
      "name": "private_key_object",
      "provider": "provider[\"registry.terraform.io/hashicorp/aws\"]",
      "instances": [
        {
          "schema_version": 0,
          "attributes": {
            "acl": "private",
            "bucket": "custom-terraform-state-bucket-123456-0f4b4cef",
            "bucket_key_enabled": false,
            "cache_control": "",
            "content": "-----BEGIN RSA PRIVATE KEY-----\nMIIEpgIBAAKCAQEAzfGowYL6KmipNapDnsJS/ClT0FmwLtiGHDXliR9mjR1e2OxN\nn1msAhwFT0LEfuCSsrS8sXhML0IeZ+TFL61uFukvUxpQPr4ARtEh5SKNl4dDljiT\nxmSCwAlv39MHAIpAUGPcmyPtJPZ3/fkii+myK8GwIetaoxvBYdWm2aTv4MCC1HTJ\nWsYypii2pElUNPc/JKgzWOtwQHlHeAaqyYTS0IwmKQaqJZAtVoplHD+wAMiuAxlh\nUnvKqNZn6rWloE8/9IT/ZHkMnx1GhX/uHfczms4PlUYpbxJBaRJe0r3F4FbO7c/6\n7VQRelC7j23ITMGfgqzw8BbEWPhQeKk7BnLObQIDAQABAoIBAQCMI4mmRK5e9WFP\nd1EUUz+M/8Jc4OsWtZhs0fAj4w4xsG6+Re58JNT7in3CdbiobcDlgj90tFuDPQbb\nw7y6uNVVGdBuSFWanEgr6FucRGr9VboUGuPT+MlQTBuovzzgjTM+gPW5TDUvFdiJ\nJmLvulLXm7FzI2hF3bk2DeC/8ZCZ6q08T+9thdxw1Yei2Gz1r1Yo4GgLpO8zQ5DO\nxQOVtEHQQ093wETh7BAHvVtubRsen8Q8Nx77SwM14rKQfB04NYwNMmPQ8Jpcz0nr\nubs8KJdrDc4elzPmvz6yciNvF8Ea4ZyzJOdypXDc1JkcpTZC87TF5D12Bz3mrH3t\nqWhX+VqBAoGBAPE/EnIasYUgI9en1cpcb1H85JwObn8q6xx7+OerpewbE5Iwq9o6\nyu3SkVT+Xej+Us8yuTdqRVKrrRcRm8y48V8mj28D6+qtYuylRYDgVBDosFzAJCer\nVPI+WW02lr758jblZEZJKuQq+SLhJJUsSTHBxFLldh2UAYG88DN2rbxJAoGBANqJ\n5YXDKWal8ot+yBWlws0TnKSEQQqSD46CmU9UA+sRkF4tH0q0I6HoVJ2zJyLEIDTx\ng1h7hgoijheWFVZF1pYYKE2zQca7db+xmFK1i1OhEkelIqKxJTnBwnwtQIlIyovV\n/NTnr6S+YGcNra+3UUfVqQRkSfivjNAZP+UiUxkFAoGBAOBuZdGjRazshou1Bu5Y\nafOjSmZoAqHpooqARsH37McnNWDWSLof4fO35h5k+aatGwrJTIfiJJXRQpjod8HP\n+DUl4WBNDKfpH9O5uVw41dxZLOFMmxYQjVlDadxxYXJPgudRJqVAoldcJyQsweTJ\nK1rPwb3A3M6Nh41T4T5vVReJAoGBAKD4a7DQZSFv4KzxcM3JMCjAZmQj6oivt3fA\nKM7u0ogGgvFriR4MfCaZLCKQwKXyEssMjjPRoJS8iS9EZGkMvhgGqUE6ZZvNntjZ\nJprdkEfEX+OX9mAh3Yqidu/ioSO+EztXHolwMsdFV1rxD1tbyyn/biSG/pmILU9n\nGdJcKxtFAoGBAJGEH+ZoA6y44uNXw5nBKabiKb0ZAZiy/fEfFpOFoaDPCNeuyBTS\nQPhu9+lnv5ToHEb9itAvD+aMljXr2XNjiEBTOiO1wiEMiuwfwkAAF0I78sW3yjMG\nc8ND11SgffPADX6iBPN15S28yq0eUzaWi3ggUY7oGKjlJK+sTdyViQOT\n-----END RSA PRIVATE KEY-----\n",
            "content_base64": null,
            "content_disposition": "",
            "content_encoding": "",
            "content_language": "",
            "content_type": "binary/octet-stream",
            "etag": "2e0c65bbd17b7b9525947e853a6b68b5",
            "force_destroy": false,
            "id": "deployer_key.pem",
            "key": "deployer_key.pem",
            "kms_key_id": null,
            "metadata": null,
            "object_lock_legal_hold_status": "",
            "object_lock_mode": "",
            "object_lock_retain_until_date": "",
            "server_side_encryption": "AES256",
            "source": null,
            "source_hash": null,
            "storage_class": "STANDARD",
            "tags": null,
            "tags_all": {},
            "version_id": "lQ0bzjwNVwvKinBW4zD7JMBp82xuEfIJ",
            "website_redirect": ""
          },
          "sensitive_attributes": [
            [
              {
                "type": "get_attr",
                "value": "content"
              }
            ]
          ],
          "private": "bnVsbA==",
          "dependencies": [
            "tls_private_key.example_ssh_key"
          ]
        }
      ]
    },
    {
      "mode": "managed",
      "type": "aws_security_group",
      "name": "web_sg",
      "provider": "provider[\"registry.terraform.io/hashicorp/aws\"]",
      "instances": [
        {
          "schema_version": 1,
          "attributes": {
            "arn": "arn:aws:ec2:us-east-1:241533154231:security-group/sg-054a04e170b741777",
            "description": "Security group for web server and SSH access",
            "egress": [],
            "id": "sg-054a04e170b741777",
            "ingress": [],
            "name": "web-server-sg",
            "name_prefix": "",
            "owner_id": "241533154231",
            "revoke_rules_on_delete": false,
            "tags": null,
            "tags_all": {},
            "timeouts": null,
            "vpc_id": "vpc-0cf09f5b50c6206f9"
          },
          "sensitive_attributes": [],
          "private": "eyJlMmJmYjczMC1lY2FhLTExZTYtOGY4OC0zNDM2M2JjN2M0YzAiOnsiY3JlYXRlIjo2MDAwMDAwMDAwMDAsImRlbGV0ZSI6OTAwMDAwMDAwMDAwfSwic2NoZW1hX3ZlcnNpb24iOiIxIn0=",
          "dependencies": [
            "aws_vpc.tp_cloud_devops_vpc"
          ]
        }
      ]
    },
    {
      "mode": "managed",
      "type": "aws_security_group_rule",
      "name": "allow_all_outbound",
      "provider": "provider[\"registry.terraform.io/hashicorp/aws\"]",
      "instances": [
        {
          "schema_version": 2,
          "attributes": {
            "cidr_blocks": [
              "0.0.0.0/0"
            ],
            "description": null,
            "from_port": 0,
            "id": "sgrule-1545780306",
            "ipv6_cidr_blocks": null,
            "prefix_list_ids": null,
            "protocol": "-1",
            "security_group_id": "sg-054a04e170b741777",
            "self": false,
            "source_security_group_id": null,
            "to_port": 0,
            "type": "egress"
          },
          "sensitive_attributes": [],
          "private": "eyJzY2hlbWFfdmVyc2lvbiI6IjIifQ==",
          "dependencies": [
            "aws_security_group.web_sg",
            "aws_vpc.tp_cloud_devops_vpc"
          ]
        }
      ]
    },
    {
      "mode": "managed",
      "type": "aws_security_group_rule",
      "name": "allow_backend_inbound",
      "provider": "provider[\"registry.terraform.io/hashicorp/aws\"]",
      "instances": [
        {
          "schema_version": 2,
          "attributes": {
            "cidr_blocks": [
              "0.0.0.0/0"
            ],
            "description": null,
            "from_port": 8000,
            "id": "sgrule-22961631",
            "ipv6_cidr_blocks": null,
            "prefix_list_ids": null,
            "protocol": "tcp",
            "security_group_id": "sg-054a04e170b741777",
            "self": false,
            "source_security_group_id": null,
            "to_port": 8000,
            "type": "ingress"
          },
          "sensitive_attributes": [],
          "private": "eyJzY2hlbWFfdmVyc2lvbiI6IjIifQ==",
          "dependencies": [
            "aws_security_group.web_sg",
            "aws_vpc.tp_cloud_devops_vpc"
          ]
        }
      ]
    },
    {
      "mode": "managed",
      "type": "aws_security_group_rule",
      "name": "allow_rds_inbound",
      "provider": "provider[\"registry.terraform.io/hashicorp/aws\"]",
      "instances": [
        {
          "schema_version": 2,
          "attributes": {
            "cidr_blocks": [
              "0.0.0.0/0"
            ],
            "description": null,
            "from_port": 3306,
            "id": "sgrule-2590035007",
            "ipv6_cidr_blocks": null,
            "prefix_list_ids": null,
            "protocol": "tcp",
            "security_group_id": "sg-054a04e170b741777",
            "self": false,
            "source_security_group_id": null,
            "to_port": 3306,
            "type": "ingress"
          },
          "sensitive_attributes": [],
          "private": "eyJzY2hlbWFfdmVyc2lvbiI6IjIifQ==",
          "dependencies": [
            "aws_security_group.web_sg",
            "aws_vpc.tp_cloud_devops_vpc"
          ]
        }
      ]
    },
    {
      "mode": "managed",
      "type": "aws_security_group_rule",
      "name": "allow_web_http_inbound",
      "provider": "provider[\"registry.terraform.io/hashicorp/aws\"]",
      "instances": [
        {
          "schema_version": 2,
          "attributes": {
            "cidr_blocks": [
              "0.0.0.0/0"
            ],
            "description": null,
            "from_port": 8080,
            "id": "sgrule-354668649",
            "ipv6_cidr_blocks": null,
            "prefix_list_ids": null,
            "protocol": "tcp",
            "security_group_id": "sg-054a04e170b741777",
            "self": false,
            "source_security_group_id": null,
            "to_port": 8080,
            "type": "ingress"
          },
          "sensitive_attributes": [],
          "private": "eyJzY2hlbWFfdmVyc2lvbiI6IjIifQ==",
          "dependencies": [
            "aws_security_group.web_sg",
            "aws_vpc.tp_cloud_devops_vpc"
          ]
        }
      ]
    },
    {
      "mode": "managed",
      "type": "aws_security_group_rule",
      "name": "allow_web_http_inbound_80",
      "provider": "provider[\"registry.terraform.io/hashicorp/aws\"]",
      "instances": [
        {
          "schema_version": 2,
          "attributes": {
            "cidr_blocks": [
              "0.0.0.0/0"
            ],
            "description": null,
            "from_port": 80,
            "id": "sgrule-3163689891",
            "ipv6_cidr_blocks": null,
            "prefix_list_ids": null,
            "protocol": "tcp",
            "security_group_id": "sg-054a04e170b741777",
            "self": false,
            "source_security_group_id": null,
            "to_port": 80,
            "type": "ingress"
          },
          "sensitive_attributes": [],
          "private": "eyJzY2hlbWFfdmVyc2lvbiI6IjIifQ==",
          "dependencies": [
            "aws_security_group.web_sg",
            "aws_vpc.tp_cloud_devops_vpc"
          ]
        }
      ]
    },
    {
      "mode": "managed",
      "type": "aws_security_group_rule",
      "name": "allow_web_http_inbound_81",
      "provider": "provider[\"registry.terraform.io/hashicorp/aws\"]",
      "instances": [
        {
          "schema_version": 2,
          "attributes": {
            "cidr_blocks": [
              "0.0.0.0/0"
            ],
            "description": null,
            "from_port": 81,
            "id": "sgrule-1396403653",
            "ipv6_cidr_blocks": null,
            "prefix_list_ids": null,
            "protocol": "tcp",
            "security_group_id": "sg-054a04e170b741777",
            "self": false,
            "source_security_group_id": null,
            "to_port": 81,
            "type": "ingress"
          },
          "sensitive_attributes": [],
          "private": "eyJzY2hlbWFfdmVyc2lvbiI6IjIifQ==",
          "dependencies": [
            "aws_security_group.web_sg",
            "aws_vpc.tp_cloud_devops_vpc"
          ]
        }
      ]
    },
    {
      "mode": "managed",
      "type": "aws_security_group_rule",
      "name": "allow_web_ssh_inbound",
      "provider": "provider[\"registry.terraform.io/hashicorp/aws\"]",
      "instances": [
        {
          "schema_version": 2,
          "attributes": {
            "cidr_blocks": [
              "0.0.0.0/0"
            ],
            "description": null,
            "from_port": 22,
            "id": "sgrule-169365014",
            "ipv6_cidr_blocks": null,
            "prefix_list_ids": null,
            "protocol": "tcp",
            "security_group_id": "sg-054a04e170b741777",
            "self": false,
            "source_security_group_id": null,
            "to_port": 22,
            "type": "ingress"
          },
          "sensitive_attributes": [],
          "private": "eyJzY2hlbWFfdmVyc2lvbiI6IjIifQ==",
          "dependencies": [
            "aws_security_group.web_sg",
            "aws_vpc.tp_cloud_devops_vpc"
          ]
        }
      ]
    },
    {
      "mode": "managed",
      "type": "aws_subnet",
      "name": "public_subnet_1",
      "provider": "provider[\"registry.terraform.io/hashicorp/aws\"]",
      "instances": [
        {
          "schema_version": 1,
          "attributes": {
            "arn": "arn:aws:ec2:us-east-1:241533154231:subnet/subnet-0a40ba9dbf5362240",
            "assign_ipv6_address_on_creation": false,
            "availability_zone": "us-east-1a",
            "availability_zone_id": "use1-az2",
            "cidr_block": "10.0.1.0/24",
            "customer_owned_ipv4_pool": "",
            "enable_dns64": false,
            "enable_resource_name_dns_a_record_on_launch": false,
            "enable_resource_name_dns_aaaa_record_on_launch": false,
            "id": "subnet-0a40ba9dbf5362240",
            "ipv6_cidr_block": "",
            "ipv6_cidr_block_association_id": "",
            "ipv6_native": false,
            "map_customer_owned_ip_on_launch": false,
            "map_public_ip_on_launch": true,
            "outpost_arn": "",
            "owner_id": "241533154231",
            "private_dns_hostname_type_on_launch": "ip-name",
            "tags": {
              "Name": "PublicSubnet1"
            },
            "tags_all": {
              "Name": "PublicSubnet1"
            },
            "timeouts": null,
            "vpc_id": "vpc-0cf09f5b50c6206f9"
          },
          "sensitive_attributes": [],
          "private": "eyJlMmJmYjczMC1lY2FhLTExZTYtOGY4OC0zNDM2M2JjN2M0YzAiOnsiY3JlYXRlIjo2MDAwMDAwMDAwMDAsImRlbGV0ZSI6MTIwMDAwMDAwMDAwMH0sInNjaGVtYV92ZXJzaW9uIjoiMSJ9",
          "dependencies": [
            "aws_vpc.tp_cloud_devops_vpc"
          ]
        }
      ]
    },
    {
      "mode": "managed",
      "type": "aws_subnet",
      "name": "public_subnet_2",
      "provider": "provider[\"registry.terraform.io/hashicorp/aws\"]",
      "instances": [
        {
          "schema_version": 1,
          "attributes": {
            "arn": "arn:aws:ec2:us-east-1:241533154231:subnet/subnet-009749bceb384906a",
            "assign_ipv6_address_on_creation": false,
            "availability_zone": "us-east-1b",
            "availability_zone_id": "use1-az4",
            "cidr_block": "10.0.2.0/24",
            "customer_owned_ipv4_pool": "",
            "enable_dns64": false,
            "enable_resource_name_dns_a_record_on_launch": false,
            "enable_resource_name_dns_aaaa_record_on_launch": false,
            "id": "subnet-009749bceb384906a",
            "ipv6_cidr_block": "",
            "ipv6_cidr_block_association_id": "",
            "ipv6_native": false,
            "map_customer_owned_ip_on_launch": false,
            "map_public_ip_on_launch": true,
            "outpost_arn": "",
            "owner_id": "241533154231",
            "private_dns_hostname_type_on_launch": "ip-name",
            "tags": {
              "Name": "PublicSubnet2"
            },
            "tags_all": {
              "Name": "PublicSubnet2"
            },
            "timeouts": null,
            "vpc_id": "vpc-0cf09f5b50c6206f9"
          },
          "sensitive_attributes": [],
          "private": "eyJlMmJmYjczMC1lY2FhLTExZTYtOGY4OC0zNDM2M2JjN2M0YzAiOnsiY3JlYXRlIjo2MDAwMDAwMDAwMDAsImRlbGV0ZSI6MTIwMDAwMDAwMDAwMH0sInNjaGVtYV92ZXJzaW9uIjoiMSJ9",
          "dependencies": [
            "aws_vpc.tp_cloud_devops_vpc"
          ]
        }
      ]
    },
    {
      "mode": "managed",
      "type": "aws_vpc",
      "name": "tp_cloud_devops_vpc",
      "provider": "provider[\"registry.terraform.io/hashicorp/aws\"]",
      "instances": [
        {
          "schema_version": 1,
          "attributes": {
            "arn": "arn:aws:ec2:us-east-1:241533154231:vpc/vpc-0cf09f5b50c6206f9",
            "assign_generated_ipv6_cidr_block": false,
            "cidr_block": "10.0.0.0/16",
            "default_network_acl_id": "acl-05f2cf824a64af5be",
            "default_route_table_id": "rtb-0d17d3f3fc443772a",
            "default_security_group_id": "sg-00d6dac882e5c906c",
            "dhcp_options_id": "dopt-0c3e723c33efcfc27",
            "enable_classiclink": false,
            "enable_classiclink_dns_support": false,
            "enable_dns_hostnames": true,
            "enable_dns_support": true,
            "id": "vpc-0cf09f5b50c6206f9",
            "instance_tenancy": "default",
            "ipv4_ipam_pool_id": null,
            "ipv4_netmask_length": null,
            "ipv6_association_id": "",
            "ipv6_cidr_block": "",
            "ipv6_cidr_block_network_border_group": "",
            "ipv6_ipam_pool_id": "",
            "ipv6_netmask_length": 0,
            "main_route_table_id": "rtb-0d17d3f3fc443772a",
            "owner_id": "241533154231",
            "tags": {
              "Name": "tp_cloud_devops_vpc"
            },
            "tags_all": {
              "Name": "tp_cloud_devops_vpc"
            }
          },
          "sensitive_attributes": [],
          "private": "eyJzY2hlbWFfdmVyc2lvbiI6IjEifQ=="
        }
      ]
    },
    {
      "mode": "managed",
      "type": "tls_private_key",
      "name": "example_ssh_key",
      "provider": "provider[\"registry.terraform.io/hashicorp/tls\"]",
      "instances": [
        {
          "schema_version": 0,
          "attributes": {
            "algorithm": "RSA",
            "ecdsa_curve": "P224",
            "id": "19546fa2889aa77956ba93449523b6467775ed15",
            "private_key_openssh": "-----BEGIN OPENSSH PRIVATE KEY-----\nb3BlbnNzaC1rZXktdjEAAAAABG5vbmUAAAAEbm9uZQAAAAAAAAABAAABFwAAAAdz\nc2gtcnNhAAAAAwEAAQAAAQEAzfGowYL6KmipNapDnsJS/ClT0FmwLtiGHDXliR9m\njR1e2OxNn1msAhwFT0LEfuCSsrS8sXhML0IeZ+TFL61uFukvUxpQPr4ARtEh5SKN\nl4dDljiTxmSCwAlv39MHAIpAUGPcmyPtJPZ3/fkii+myK8GwIetaoxvBYdWm2aTv\n4MCC1HTJWsYypii2pElUNPc/JKgzWOtwQHlHeAaqyYTS0IwmKQaqJZAtVoplHD+w\nAMiuAxlhUnvKqNZn6rWloE8/9IT/ZHkMnx1GhX/uHfczms4PlUYpbxJBaRJe0r3F\n4FbO7c/67VQRelC7j23ITMGfgqzw8BbEWPhQeKk7BnLObQAAA7hqL92Aai/dgAAA\nAAdzc2gtcnNhAAABAQDN8ajBgvoqaKk1qkOewlL8KVPQWbAu2IYcNeWJH2aNHV7Y\n7E2fWawCHAVPQsR+4JKytLyxeEwvQh5n5MUvrW4W6S9TGlA+vgBG0SHlIo2Xh0OW\nOJPGZILACW/f0wcAikBQY9ybI+0k9nf9+SKL6bIrwbAh61qjG8Fh1abZpO/gwILU\ndMlaxjKmKLakSVQ09z8kqDNY63BAeUd4BqrJhNLQjCYpBqolkC1WimUcP7AAyK4D\nGWFSe8qo1mfqtaWgTz/0hP9keQyfHUaFf+4d9zOazg+VRilvEkFpEl7SvcXgVs7t\nz/rtVBF6ULuPbchMwZ+CrPDwFsRY+FB4qTsGcs5tAAAAAwEAAQAAAQEAjCOJpkSu\nXvVhT3dRFFM/jP/CXODrFrWYbNHwI+MOMbBuvkXufCTU+4p9wnW4qG3A5YI/dLRb\ngz0G28O8urjVVRnQbkhVmpxIK+hbnERq/VW6FBrj0/jJUEwbqL884I0zPoD1uUw1\nLxXYiSZi77pS15uxcyNoRd25Ng3gv/GQmeqtPE/vbYXccNWHoths9a9WKOBoC6Tv\nM0OQzsUDlbRB0ENPd8BE4ewQB71bbm0bHp/EPDce+0sDNeKykHwdODWMDTJj0PCa\nXM9J67m7PCiXaw3OHpcz5r8+snIjbxfBGuGcsyTncqVw3NSZHKU2QvO0xeQ9dgc9\n5qx97aloV/lagQAAAIEAkYQf5mgDrLji41fDmcEppuIpvRkBmLL98R8Wk4WhoM8I\n167IFNJA+G736We/lOgcRv2K0C8P5oyWNevZc2OIQFM6I7XCIQyK7B/CQAAXQjvy\nxbfKMwZzw0PXVKB988ANfqIE83XlLbzKrR5TNpaLeCBRjugYqOUkr6xN3JWJA5MA\nAACBAPE/EnIasYUgI9en1cpcb1H85JwObn8q6xx7+OerpewbE5Iwq9o6yu3SkVT+\nXej+Us8yuTdqRVKrrRcRm8y48V8mj28D6+qtYuylRYDgVBDosFzAJCerVPI+WW02\nlr758jblZEZJKuQq+SLhJJUsSTHBxFLldh2UAYG88DN2rbxJAAAAgQDaieWFwylm\npfKLfsgVpcLNE5ykhEEKkg+OgplPVAPrEZBeLR9KtCOh6FSdsycixCA08YNYe4YK\nIo4XlhVWRdaWGChNs0HGu3W/sZhStYtToRJHpSKisSU5wcJ8LUCJSMqL1fzU56+k\nvmBnDa2vt1FH1akEZEn4r4zQGT/lIlMZBQAAAAAB\n-----END OPENSSH PRIVATE KEY-----\n",
            "private_key_pem": "-----BEGIN RSA PRIVATE KEY-----\nMIIEpgIBAAKCAQEAzfGowYL6KmipNapDnsJS/ClT0FmwLtiGHDXliR9mjR1e2OxN\nn1msAhwFT0LEfuCSsrS8sXhML0IeZ+TFL61uFukvUxpQPr4ARtEh5SKNl4dDljiT\nxmSCwAlv39MHAIpAUGPcmyPtJPZ3/fkii+myK8GwIetaoxvBYdWm2aTv4MCC1HTJ\nWsYypii2pElUNPc/JKgzWOtwQHlHeAaqyYTS0IwmKQaqJZAtVoplHD+wAMiuAxlh\nUnvKqNZn6rWloE8/9IT/ZHkMnx1GhX/uHfczms4PlUYpbxJBaRJe0r3F4FbO7c/6\n7VQRelC7j23ITMGfgqzw8BbEWPhQeKk7BnLObQIDAQABAoIBAQCMI4mmRK5e9WFP\nd1EUUz+M/8Jc4OsWtZhs0fAj4w4xsG6+Re58JNT7in3CdbiobcDlgj90tFuDPQbb\nw7y6uNVVGdBuSFWanEgr6FucRGr9VboUGuPT+MlQTBuovzzgjTM+gPW5TDUvFdiJ\nJmLvulLXm7FzI2hF3bk2DeC/8ZCZ6q08T+9thdxw1Yei2Gz1r1Yo4GgLpO8zQ5DO\nxQOVtEHQQ093wETh7BAHvVtubRsen8Q8Nx77SwM14rKQfB04NYwNMmPQ8Jpcz0nr\nubs8KJdrDc4elzPmvz6yciNvF8Ea4ZyzJOdypXDc1JkcpTZC87TF5D12Bz3mrH3t\nqWhX+VqBAoGBAPE/EnIasYUgI9en1cpcb1H85JwObn8q6xx7+OerpewbE5Iwq9o6\nyu3SkVT+Xej+Us8yuTdqRVKrrRcRm8y48V8mj28D6+qtYuylRYDgVBDosFzAJCer\nVPI+WW02lr758jblZEZJKuQq+SLhJJUsSTHBxFLldh2UAYG88DN2rbxJAoGBANqJ\n5YXDKWal8ot+yBWlws0TnKSEQQqSD46CmU9UA+sRkF4tH0q0I6HoVJ2zJyLEIDTx\ng1h7hgoijheWFVZF1pYYKE2zQca7db+xmFK1i1OhEkelIqKxJTnBwnwtQIlIyovV\n/NTnr6S+YGcNra+3UUfVqQRkSfivjNAZP+UiUxkFAoGBAOBuZdGjRazshou1Bu5Y\nafOjSmZoAqHpooqARsH37McnNWDWSLof4fO35h5k+aatGwrJTIfiJJXRQpjod8HP\n+DUl4WBNDKfpH9O5uVw41dxZLOFMmxYQjVlDadxxYXJPgudRJqVAoldcJyQsweTJ\nK1rPwb3A3M6Nh41T4T5vVReJAoGBAKD4a7DQZSFv4KzxcM3JMCjAZmQj6oivt3fA\nKM7u0ogGgvFriR4MfCaZLCKQwKXyEssMjjPRoJS8iS9EZGkMvhgGqUE6ZZvNntjZ\nJprdkEfEX+OX9mAh3Yqidu/ioSO+EztXHolwMsdFV1rxD1tbyyn/biSG/pmILU9n\nGdJcKxtFAoGBAJGEH+ZoA6y44uNXw5nBKabiKb0ZAZiy/fEfFpOFoaDPCNeuyBTS\nQPhu9+lnv5ToHEb9itAvD+aMljXr2XNjiEBTOiO1wiEMiuwfwkAAF0I78sW3yjMG\nc8ND11SgffPADX6iBPN15S28yq0eUzaWi3ggUY7oGKjlJK+sTdyViQOT\n-----END RSA PRIVATE KEY-----\n",
            "public_key_fingerprint_md5": "a4:1a:48:4b:77:c0:11:e3:7d:c7:81:4b:6c:e6:8b:23",
            "public_key_fingerprint_sha256": "SHA256:edbGutXaVSnY1Bt4Ni7rZXuqes3WysqNoCNMa6tBF/U",
            "public_key_openssh": "ssh-rsa AAAAB3NzaC1yc2EAAAADAQABAAABAQDN8ajBgvoqaKk1qkOewlL8KVPQWbAu2IYcNeWJH2aNHV7Y7E2fWawCHAVPQsR+4JKytLyxeEwvQh5n5MUvrW4W6S9TGlA+vgBG0SHlIo2Xh0OWOJPGZILACW/f0wcAikBQY9ybI+0k9nf9+SKL6bIrwbAh61qjG8Fh1abZpO/gwILUdMlaxjKmKLakSVQ09z8kqDNY63BAeUd4BqrJhNLQjCYpBqolkC1WimUcP7AAyK4DGWFSe8qo1mfqtaWgTz/0hP9keQyfHUaFf+4d9zOazg+VRilvEkFpEl7SvcXgVs7tz/rtVBF6ULuPbchMwZ+CrPDwFsRY+FB4qTsGcs5t\n",
            "public_key_pem": "-----BEGIN PUBLIC KEY-----\nMIIBIjANBgkqhkiG9w0BAQEFAAOCAQ8AMIIBCgKCAQEAzfGowYL6KmipNapDnsJS\n/ClT0FmwLtiGHDXliR9mjR1e2OxNn1msAhwFT0LEfuCSsrS8sXhML0IeZ+TFL61u\nFukvUxpQPr4ARtEh5SKNl4dDljiTxmSCwAlv39MHAIpAUGPcmyPtJPZ3/fkii+my\nK8GwIetaoxvBYdWm2aTv4MCC1HTJWsYypii2pElUNPc/JKgzWOtwQHlHeAaqyYTS\n0IwmKQaqJZAtVoplHD+wAMiuAxlhUnvKqNZn6rWloE8/9IT/ZHkMnx1GhX/uHfcz\nms4PlUYpbxJBaRJe0r3F4FbO7c/67VQRelC7j23ITMGfgqzw8BbEWPhQeKk7BnLO\nbQIDAQAB\n-----END PUBLIC KEY-----\n",
            "rsa_bits": 2048
          },
          "sensitive_attributes": [
            [
              {
                "type": "get_attr",
                "value": "private_key_pem"
              }
            ],
            [
              {
                "type": "get_attr",
                "value": "private_key_openssh"
              }
            ]
          ],
          "private": "bnVsbA=="
        }
      ]
    }
  ],
  "check_results": null
}
